// !$*UTF8*$!
{
	archiveVersion = 1;
	classes = {
	};
	objectVersion = 50;
	objects = {

/* Begin PBXBuildFile section */
		EA02B3B7225EDEF6005F5A3A /* AppDelegate.m in Sources */ = {isa = PBXBuildFile; fileRef = EA02B3B6225EDEF6005F5A3A /* AppDelegate.m */; };
		EA02B3BD225EDEF6005F5A3A /* Main.storyboard in Resources */ = {isa = PBXBuildFile; fileRef = EA02B3BB225EDEF6005F5A3A /* Main.storyboard */; };
		EA02B3BF225EDEF7005F5A3A /* Assets.xcassets in Resources */ = {isa = PBXBuildFile; fileRef = EA02B3BE225EDEF7005F5A3A /* Assets.xcassets */; };
		EA02B3C2225EDEF7005F5A3A /* LaunchScreen.storyboard in Resources */ = {isa = PBXBuildFile; fileRef = EA02B3C0225EDEF7005F5A3A /* LaunchScreen.storyboard */; };
		EA02B3C5225EDEF7005F5A3A /* main.m in Sources */ = {isa = PBXBuildFile; fileRef = EA02B3C4225EDEF7005F5A3A /* main.m */; };
		EA02B3CF225EDEF8005F5A3A /* TOPageViewTests.m in Sources */ = {isa = PBXBuildFile; fileRef = EA02B3CE225EDEF8005F5A3A /* TOPageViewTests.m */; };
		EA02B3DA225EDEF8005F5A3A /* TOPageViewUITests.m in Sources */ = {isa = PBXBuildFile; fileRef = EA02B3D9225EDEF8005F5A3A /* TOPageViewUITests.m */; };
		EA02B3F3225EDF57005F5A3A /* TOPageTitleView.m in Sources */ = {isa = PBXBuildFile; fileRef = EA02B3E9225EDF57005F5A3A /* TOPageTitleView.m */; };
		EA02B3F4225EDF57005F5A3A /* TOPageTitleButton.m in Sources */ = {isa = PBXBuildFile; fileRef = EA02B3EE225EDF57005F5A3A /* TOPageTitleButton.m */; };
		EA02B3F5225EDF57005F5A3A /* TOPageViewController.m in Sources */ = {isa = PBXBuildFile; fileRef = EA02B3F0225EDF57005F5A3A /* TOPageViewController.m */; };
		EA02B3F6225EDF57005F5A3A /* TOPageItem.m in Sources */ = {isa = PBXBuildFile; fileRef = EA02B3F1225EDF57005F5A3A /* TOPageItem.m */; };
		EA02B3F7225EDF57005F5A3A /* AutoLayoutHelper.m in Sources */ = {isa = PBXBuildFile; fileRef = EA02B3F2225EDF57005F5A3A /* AutoLayoutHelper.m */; };
		EA02B407225EDFA5005F5A3A /* ExampleViewController.m in Sources */ = {isa = PBXBuildFile; fileRef = EA02B3F8225EDFA5005F5A3A /* ExampleViewController.m */; };
		EA02B408225EDFA5005F5A3A /* IndexViewController.m in Sources */ = {isa = PBXBuildFile; fileRef = EA02B3F9225EDFA5005F5A3A /* IndexViewController.m */; };
		EA02B409225EDFA5005F5A3A /* ContentSettingsViewController.m in Sources */ = {isa = PBXBuildFile; fileRef = EA02B3FC225EDFA5005F5A3A /* ContentSettingsViewController.m */; };
		EA02B40A225EDFA5005F5A3A /* StyleViewController.m in Sources */ = {isa = PBXBuildFile; fileRef = EA02B3FE225EDFA5005F5A3A /* StyleViewController.m */; };
		EA02B40B225EDFA5005F5A3A /* StyleViewController.xib in Resources */ = {isa = PBXBuildFile; fileRef = EA02B3FF225EDFA5005F5A3A /* StyleViewController.xib */; };
		EA02B40C225EDFA5005F5A3A /* SizeViewController.xib in Resources */ = {isa = PBXBuildFile; fileRef = EA02B403225EDFA5005F5A3A /* SizeViewController.xib */; };
		EA02B40D225EDFA5005F5A3A /* SizeViewController.m in Sources */ = {isa = PBXBuildFile; fileRef = EA02B404225EDFA5005F5A3A /* SizeViewController.m */; };
/* End PBXBuildFile section */

/* Begin PBXContainerItemProxy section */
		EA02B3CB225EDEF8005F5A3A /* PBXContainerItemProxy */ = {
			isa = PBXContainerItemProxy;
			containerPortal = EA02B3AA225EDEF6005F5A3A /* Project object */;
			proxyType = 1;
			remoteGlobalIDString = EA02B3B1225EDEF6005F5A3A;
			remoteInfo = TOPageView;
		};
		EA02B3D6225EDEF8005F5A3A /* PBXContainerItemProxy */ = {
			isa = PBXContainerItemProxy;
			containerPortal = EA02B3AA225EDEF6005F5A3A /* Project object */;
			proxyType = 1;
			remoteGlobalIDString = EA02B3B1225EDEF6005F5A3A;
			remoteInfo = TOPageView;
		};
/* End PBXContainerItemProxy section */

/* Begin PBXFileReference section */
		EA02B3B2225EDEF6005F5A3A /* TOPageView.app */ = {isa = PBXFileReference; explicitFileType = wrapper.application; includeInIndex = 0; path = TOPageView.app; sourceTree = BUILT_PRODUCTS_DIR; };
		EA02B3B5225EDEF6005F5A3A /* AppDelegate.h */ = {isa = PBXFileReference; lastKnownFileType = sourcecode.c.h; path = AppDelegate.h; sourceTree = "<group>"; };
		EA02B3B6225EDEF6005F5A3A /* AppDelegate.m */ = {isa = PBXFileReference; lastKnownFileType = sourcecode.c.objc; path = AppDelegate.m; sourceTree = "<group>"; };
		EA02B3BC225EDEF6005F5A3A /* Base */ = {isa = PBXFileReference; lastKnownFileType = file.storyboard; name = Base; path = Base.lproj/Main.storyboard; sourceTree = "<group>"; };
		EA02B3BE225EDEF7005F5A3A /* Assets.xcassets */ = {isa = PBXFileReference; lastKnownFileType = folder.assetcatalog; path = Assets.xcassets; sourceTree = "<group>"; };
		EA02B3C1225EDEF7005F5A3A /* Base */ = {isa = PBXFileReference; lastKnownFileType = file.storyboard; name = Base; path = Base.lproj/LaunchScreen.storyboard; sourceTree = "<group>"; };
		EA02B3C3225EDEF7005F5A3A /* Info.plist */ = {isa = PBXFileReference; lastKnownFileType = text.plist.xml; path = Info.plist; sourceTree = "<group>"; };
		EA02B3C4225EDEF7005F5A3A /* main.m */ = {isa = PBXFileReference; lastKnownFileType = sourcecode.c.objc; path = main.m; sourceTree = "<group>"; };
		EA02B3CA225EDEF8005F5A3A /* TOPageViewTests.xctest */ = {isa = PBXFileReference; explicitFileType = wrapper.cfbundle; includeInIndex = 0; path = TOPageViewTests.xctest; sourceTree = BUILT_PRODUCTS_DIR; };
		EA02B3CE225EDEF8005F5A3A /* TOPageViewTests.m */ = {isa = PBXFileReference; lastKnownFileType = sourcecode.c.objc; path = TOPageViewTests.m; sourceTree = "<group>"; };
		EA02B3D0225EDEF8005F5A3A /* Info.plist */ = {isa = PBXFileReference; lastKnownFileType = text.plist.xml; path = Info.plist; sourceTree = "<group>"; };
		EA02B3D5225EDEF8005F5A3A /* TOPageViewUITests.xctest */ = {isa = PBXFileReference; explicitFileType = wrapper.cfbundle; includeInIndex = 0; path = TOPageViewUITests.xctest; sourceTree = BUILT_PRODUCTS_DIR; };
		EA02B3D9225EDEF8005F5A3A /* TOPageViewUITests.m */ = {isa = PBXFileReference; lastKnownFileType = sourcecode.c.objc; path = TOPageViewUITests.m; sourceTree = "<group>"; };
		EA02B3DB225EDEF8005F5A3A /* Info.plist */ = {isa = PBXFileReference; lastKnownFileType = text.plist.xml; path = Info.plist; sourceTree = "<group>"; };
		EA02B3E8225EDF57005F5A3A /* TOPageTitleButton.h */ = {isa = PBXFileReference; fileEncoding = 4; lastKnownFileType = sourcecode.c.h; path = TOPageTitleButton.h; sourceTree = "<group>"; };
		EA02B3E9225EDF57005F5A3A /* TOPageTitleView.m */ = {isa = PBXFileReference; fileEncoding = 4; lastKnownFileType = sourcecode.c.objc; path = TOPageTitleView.m; sourceTree = "<group>"; };
		EA02B3EA225EDF57005F5A3A /* TOPageItem.h */ = {isa = PBXFileReference; fileEncoding = 4; lastKnownFileType = sourcecode.c.h; path = TOPageItem.h; sourceTree = "<group>"; };
		EA02B3EB225EDF57005F5A3A /* TOPageViewController.h */ = {isa = PBXFileReference; fileEncoding = 4; lastKnownFileType = sourcecode.c.h; path = TOPageViewController.h; sourceTree = "<group>"; };
		EA02B3EC225EDF57005F5A3A /* TOPageView.h */ = {isa = PBXFileReference; fileEncoding = 4; lastKnownFileType = sourcecode.c.h; path = TOPageView.h; sourceTree = "<group>"; };
		EA02B3ED225EDF57005F5A3A /* AutoLayoutHelper.h */ = {isa = PBXFileReference; fileEncoding = 4; lastKnownFileType = sourcecode.c.h; path = AutoLayoutHelper.h; sourceTree = "<group>"; };
		EA02B3EE225EDF57005F5A3A /* TOPageTitleButton.m */ = {isa = PBXFileReference; fileEncoding = 4; lastKnownFileType = sourcecode.c.objc; path = TOPageTitleButton.m; sourceTree = "<group>"; };
		EA02B3EF225EDF57005F5A3A /* TOPageTitleView.h */ = {isa = PBXFileReference; fileEncoding = 4; lastKnownFileType = sourcecode.c.h; path = TOPageTitleView.h; sourceTree = "<group>"; };
		EA02B3F0225EDF57005F5A3A /* TOPageViewController.m */ = {isa = PBXFileReference; fileEncoding = 4; lastKnownFileType = sourcecode.c.objc; path = TOPageViewController.m; sourceTree = "<group>"; };
		EA02B3F1225EDF57005F5A3A /* TOPageItem.m */ = {isa = PBXFileReference; fileEncoding = 4; lastKnownFileType = sourcecode.c.objc; path = TOPageItem.m; sourceTree = "<group>"; };
		EA02B3F2225EDF57005F5A3A /* AutoLayoutHelper.m */ = {isa = PBXFileReference; fileEncoding = 4; lastKnownFileType = sourcecode.c.objc; path = AutoLayoutHelper.m; sourceTree = "<group>"; };
		EA02B3F8225EDFA5005F5A3A /* ExampleViewController.m */ = {isa = PBXFileReference; fileEncoding = 4; lastKnownFileType = sourcecode.c.objc; path = ExampleViewController.m; sourceTree = "<group>"; };
		EA02B3F9225EDFA5005F5A3A /* IndexViewController.m */ = {isa = PBXFileReference; fileEncoding = 4; lastKnownFileType = sourcecode.c.objc; path = IndexViewController.m; sourceTree = "<group>"; };
		EA02B3FB225EDFA5005F5A3A /* ContentSettingsViewController.h */ = {isa = PBXFileReference; fileEncoding = 4; lastKnownFileType = sourcecode.c.h; path = ContentSettingsViewController.h; sourceTree = "<group>"; };
		EA02B3FC225EDFA5005F5A3A /* ContentSettingsViewController.m */ = {isa = PBXFileReference; fileEncoding = 4; lastKnownFileType = sourcecode.c.objc; path = ContentSettingsViewController.m; sourceTree = "<group>"; };
		EA02B3FE225EDFA5005F5A3A /* StyleViewController.m */ = {isa = PBXFileReference; fileEncoding = 4; lastKnownFileType = sourcecode.c.objc; path = StyleViewController.m; sourceTree = "<group>"; };
		EA02B3FF225EDFA5005F5A3A /* StyleViewController.xib */ = {isa = PBXFileReference; fileEncoding = 4; lastKnownFileType = file.xib; path = StyleViewController.xib; sourceTree = "<group>"; };
		EA02B400225EDFA5005F5A3A /* StyleViewController.h */ = {isa = PBXFileReference; fileEncoding = 4; lastKnownFileType = sourcecode.c.h; path = StyleViewController.h; sourceTree = "<group>"; };
		EA02B401225EDFA5005F5A3A /* IndexViewController.h */ = {isa = PBXFileReference; fileEncoding = 4; lastKnownFileType = sourcecode.c.h; path = IndexViewController.h; sourceTree = "<group>"; };
		EA02B403225EDFA5005F5A3A /* SizeViewController.xib */ = {isa = PBXFileReference; fileEncoding = 4; lastKnownFileType = file.xib; path = SizeViewController.xib; sourceTree = "<group>"; };
		EA02B404225EDFA5005F5A3A /* SizeViewController.m */ = {isa = PBXFileReference; fileEncoding = 4; lastKnownFileType = sourcecode.c.objc; path = SizeViewController.m; sourceTree = "<group>"; };
		EA02B405225EDFA5005F5A3A /* SizeViewController.h */ = {isa = PBXFileReference; fileEncoding = 4; lastKnownFileType = sourcecode.c.h; path = SizeViewController.h; sourceTree = "<group>"; };
		EA02B406225EDFA5005F5A3A /* ExampleViewController.h */ = {isa = PBXFileReference; fileEncoding = 4; lastKnownFileType = sourcecode.c.h; path = ExampleViewController.h; sourceTree = "<group>"; };
/* End PBXFileReference section */

/* Begin PBXFrameworksBuildPhase section */
		EA02B3AF225EDEF6005F5A3A /* Frameworks */ = {
			isa = PBXFrameworksBuildPhase;
			buildActionMask = 2147483647;
			files = (
			);
			runOnlyForDeploymentPostprocessing = 0;
		};
		EA02B3C7225EDEF8005F5A3A /* Frameworks */ = {
			isa = PBXFrameworksBuildPhase;
			buildActionMask = 2147483647;
			files = (
			);
			runOnlyForDeploymentPostprocessing = 0;
		};
		EA02B3D2225EDEF8005F5A3A /* Frameworks */ = {
			isa = PBXFrameworksBuildPhase;
			buildActionMask = 2147483647;
			files = (
			);
			runOnlyForDeploymentPostprocessing = 0;
		};
/* End PBXFrameworksBuildPhase section */

/* Begin PBXGroup section */
		EA02B3A9225EDEF6005F5A3A = {
			isa = PBXGroup;
			children = (
				EA02B3E7225EDF57005F5A3A /* TOPageView */,
				EA02B3B4225EDEF6005F5A3A /* TOPageViewExample */,
				EA02B3CD225EDEF8005F5A3A /* TOPageViewTests */,
				EA02B3D8225EDEF8005F5A3A /* TOPageViewUITests */,
				EA02B3B3225EDEF6005F5A3A /* Products */,
			);
			sourceTree = "<group>";
		};
		EA02B3B3225EDEF6005F5A3A /* Products */ = {
			isa = PBXGroup;
			children = (
				EA02B3B2225EDEF6005F5A3A /* TOPageView.app */,
				EA02B3CA225EDEF8005F5A3A /* TOPageViewTests.xctest */,
				EA02B3D5225EDEF8005F5A3A /* TOPageViewUITests.xctest */,
			);
			name = Products;
			sourceTree = "<group>";
		};
		EA02B3B4225EDEF6005F5A3A /* TOPageViewExample */ = {
			isa = PBXGroup;
			children = (
				EA02B3FA225EDFA5005F5A3A /* content */,
				EA02B406225EDFA5005F5A3A /* ExampleViewController.h */,
				EA02B3F8225EDFA5005F5A3A /* ExampleViewController.m */,
				EA02B401225EDFA5005F5A3A /* IndexViewController.h */,
				EA02B3F9225EDFA5005F5A3A /* IndexViewController.m */,
				EA02B402225EDFA5005F5A3A /* size */,
				EA02B3FD225EDFA5005F5A3A /* style */,
				EA02B3B5225EDEF6005F5A3A /* AppDelegate.h */,
				EA02B3B6225EDEF6005F5A3A /* AppDelegate.m */,
				EA02B3BB225EDEF6005F5A3A /* Main.storyboard */,
				EA02B3BE225EDEF7005F5A3A /* Assets.xcassets */,
				EA02B3C0225EDEF7005F5A3A /* LaunchScreen.storyboard */,
				EA02B3C3225EDEF7005F5A3A /* Info.plist */,
				EA02B3C4225EDEF7005F5A3A /* main.m */,
			);
			path = TOPageViewExample;
			sourceTree = "<group>";
		};
		EA02B3CD225EDEF8005F5A3A /* TOPageViewTests */ = {
			isa = PBXGroup;
			children = (
				EA02B3CE225EDEF8005F5A3A /* TOPageViewTests.m */,
				EA02B3D0225EDEF8005F5A3A /* Info.plist */,
			);
			path = TOPageViewTests;
			sourceTree = "<group>";
		};
		EA02B3D8225EDEF8005F5A3A /* TOPageViewUITests */ = {
			isa = PBXGroup;
			children = (
				EA02B3D9225EDEF8005F5A3A /* TOPageViewUITests.m */,
				EA02B3DB225EDEF8005F5A3A /* Info.plist */,
			);
			path = TOPageViewUITests;
			sourceTree = "<group>";
		};
		EA02B3E7225EDF57005F5A3A /* TOPageView */ = {
			isa = PBXGroup;
			children = (
				EA02B3E8225EDF57005F5A3A /* TOPageTitleButton.h */,
				EA02B3E9225EDF57005F5A3A /* TOPageTitleView.m */,
				EA02B3EA225EDF57005F5A3A /* TOPageItem.h */,
				EA02B3EB225EDF57005F5A3A /* TOPageViewController.h */,
				EA02B3EC225EDF57005F5A3A /* TOPageView.h */,
				EA02B3ED225EDF57005F5A3A /* AutoLayoutHelper.h */,
				EA02B3EE225EDF57005F5A3A /* TOPageTitleButton.m */,
				EA02B3EF225EDF57005F5A3A /* TOPageTitleView.h */,
				EA02B3F0225EDF57005F5A3A /* TOPageViewController.m */,
				EA02B3F1225EDF57005F5A3A /* TOPageItem.m */,
				EA02B3F2225EDF57005F5A3A /* AutoLayoutHelper.m */,
			);
			path = TOPageView;
			sourceTree = "<group>";
		};
		EA02B3FA225EDFA5005F5A3A /* content */ = {
			isa = PBXGroup;
			children = (
				EA02B3FB225EDFA5005F5A3A /* ContentSettingsViewController.h */,
				EA02B3FC225EDFA5005F5A3A /* ContentSettingsViewController.m */,
			);
			path = content;
			sourceTree = "<group>";
		};
		EA02B3FD225EDFA5005F5A3A /* style */ = {
			isa = PBXGroup;
			children = (
				EA02B3FE225EDFA5005F5A3A /* StyleViewController.m */,
				EA02B3FF225EDFA5005F5A3A /* StyleViewController.xib */,
				EA02B400225EDFA5005F5A3A /* StyleViewController.h */,
			);
			path = style;
			sourceTree = "<group>";
		};
		EA02B402225EDFA5005F5A3A /* size */ = {
			isa = PBXGroup;
			children = (
				EA02B403225EDFA5005F5A3A /* SizeViewController.xib */,
				EA02B404225EDFA5005F5A3A /* SizeViewController.m */,
				EA02B405225EDFA5005F5A3A /* SizeViewController.h */,
			);
			path = size;
			sourceTree = "<group>";
		};
/* End PBXGroup section */

/* Begin PBXNativeTarget section */
		EA02B3B1225EDEF6005F5A3A /* TOPageView */ = {
			isa = PBXNativeTarget;
			buildConfigurationList = EA02B3DE225EDEF8005F5A3A /* Build configuration list for PBXNativeTarget "TOPageView" */;
			buildPhases = (
				EA02B3AE225EDEF6005F5A3A /* Sources */,
				EA02B3AF225EDEF6005F5A3A /* Frameworks */,
				EA02B3B0225EDEF6005F5A3A /* Resources */,
			);
			buildRules = (
			);
			dependencies = (
			);
			name = TOPageView;
			productName = TOPageView;
			productReference = EA02B3B2225EDEF6005F5A3A /* TOPageView.app */;
			productType = "com.apple.product-type.application";
		};
		EA02B3C9225EDEF8005F5A3A /* TOPageViewTests */ = {
			isa = PBXNativeTarget;
			buildConfigurationList = EA02B3E1225EDEF8005F5A3A /* Build configuration list for PBXNativeTarget "TOPageViewTests" */;
			buildPhases = (
				EA02B3C6225EDEF8005F5A3A /* Sources */,
				EA02B3C7225EDEF8005F5A3A /* Frameworks */,
				EA02B3C8225EDEF8005F5A3A /* Resources */,
			);
			buildRules = (
			);
			dependencies = (
				EA02B3CC225EDEF8005F5A3A /* PBXTargetDependency */,
			);
			name = TOPageViewTests;
			productName = TOPageViewTests;
			productReference = EA02B3CA225EDEF8005F5A3A /* TOPageViewTests.xctest */;
			productType = "com.apple.product-type.bundle.unit-test";
		};
		EA02B3D4225EDEF8005F5A3A /* TOPageViewUITests */ = {
			isa = PBXNativeTarget;
			buildConfigurationList = EA02B3E4225EDEF8005F5A3A /* Build configuration list for PBXNativeTarget "TOPageViewUITests" */;
			buildPhases = (
				EA02B3D1225EDEF8005F5A3A /* Sources */,
				EA02B3D2225EDEF8005F5A3A /* Frameworks */,
				EA02B3D3225EDEF8005F5A3A /* Resources */,
			);
			buildRules = (
			);
			dependencies = (
				EA02B3D7225EDEF8005F5A3A /* PBXTargetDependency */,
			);
			name = TOPageViewUITests;
			productName = TOPageViewUITests;
			productReference = EA02B3D5225EDEF8005F5A3A /* TOPageViewUITests.xctest */;
			productType = "com.apple.product-type.bundle.ui-testing";
		};
/* End PBXNativeTarget section */

/* Begin PBXProject section */
		EA02B3AA225EDEF6005F5A3A /* Project object */ = {
			isa = PBXProject;
			attributes = {
				LastUpgradeCheck = 1020;
				ORGANIZATIONNAME = TonyJR;
				TargetAttributes = {
					EA02B3B1225EDEF6005F5A3A = {
						CreatedOnToolsVersion = 10.2;
					};
					EA02B3C9225EDEF8005F5A3A = {
						CreatedOnToolsVersion = 10.2;
						TestTargetID = EA02B3B1225EDEF6005F5A3A;
					};
					EA02B3D4225EDEF8005F5A3A = {
						CreatedOnToolsVersion = 10.2;
						TestTargetID = EA02B3B1225EDEF6005F5A3A;
					};
				};
			};
			buildConfigurationList = EA02B3AD225EDEF6005F5A3A /* Build configuration list for PBXProject "TOPageView" */;
			compatibilityVersion = "Xcode 9.3";
			developmentRegion = en;
			hasScannedForEncodings = 0;
			knownRegions = (
				en,
				Base,
			);
			mainGroup = EA02B3A9225EDEF6005F5A3A;
			productRefGroup = EA02B3B3225EDEF6005F5A3A /* Products */;
			projectDirPath = "";
			projectRoot = "";
			targets = (
				EA02B3B1225EDEF6005F5A3A /* TOPageView */,
				EA02B3C9225EDEF8005F5A3A /* TOPageViewTests */,
				EA02B3D4225EDEF8005F5A3A /* TOPageViewUITests */,
			);
		};
/* End PBXProject section */

/* Begin PBXResourcesBuildPhase section */
		EA02B3B0225EDEF6005F5A3A /* Resources */ = {
			isa = PBXResourcesBuildPhase;
			buildActionMask = 2147483647;
			files = (
				EA02B40B225EDFA5005F5A3A /* StyleViewController.xib in Resources */,
				EA02B40C225EDFA5005F5A3A /* SizeViewController.xib in Resources */,
				EA02B3C2225EDEF7005F5A3A /* LaunchScreen.storyboard in Resources */,
				EA02B3BF225EDEF7005F5A3A /* Assets.xcassets in Resources */,
				EA02B3BD225EDEF6005F5A3A /* Main.storyboard in Resources */,
			);
			runOnlyForDeploymentPostprocessing = 0;
		};
		EA02B3C8225EDEF8005F5A3A /* Resources */ = {
			isa = PBXResourcesBuildPhase;
			buildActionMask = 2147483647;
			files = (
			);
			runOnlyForDeploymentPostprocessing = 0;
		};
		EA02B3D3225EDEF8005F5A3A /* Resources */ = {
			isa = PBXResourcesBuildPhase;
			buildActionMask = 2147483647;
			files = (
			);
			runOnlyForDeploymentPostprocessing = 0;
		};
/* End PBXResourcesBuildPhase section */

/* Begin PBXSourcesBuildPhase section */
		EA02B3AE225EDEF6005F5A3A /* Sources */ = {
			isa = PBXSourcesBuildPhase;
			buildActionMask = 2147483647;
			files = (
				EA02B3F4225EDF57005F5A3A /* TOPageTitleButton.m in Sources */,
				EA02B3F3225EDF57005F5A3A /* TOPageTitleView.m in Sources */,
				EA02B407225EDFA5005F5A3A /* ExampleViewController.m in Sources */,
				EA02B3C5225EDEF7005F5A3A /* main.m in Sources */,
				EA02B40D225EDFA5005F5A3A /* SizeViewController.m in Sources */,
				EA02B3F7225EDF57005F5A3A /* AutoLayoutHelper.m in Sources */,
				EA02B3F5225EDF57005F5A3A /* TOPageViewController.m in Sources */,
				EA02B3F6225EDF57005F5A3A /* TOPageItem.m in Sources */,
				EA02B40A225EDFA5005F5A3A /* StyleViewController.m in Sources */,
				EA02B409225EDFA5005F5A3A /* ContentSettingsViewController.m in Sources */,
				EA02B3B7225EDEF6005F5A3A /* AppDelegate.m in Sources */,
				EA02B408225EDFA5005F5A3A /* IndexViewController.m in Sources */,
			);
			runOnlyForDeploymentPostprocessing = 0;
		};
		EA02B3C6225EDEF8005F5A3A /* Sources */ = {
			isa = PBXSourcesBuildPhase;
			buildActionMask = 2147483647;
			files = (
				EA02B3CF225EDEF8005F5A3A /* TOPageViewTests.m in Sources */,
			);
			runOnlyForDeploymentPostprocessing = 0;
		};
		EA02B3D1225EDEF8005F5A3A /* Sources */ = {
			isa = PBXSourcesBuildPhase;
			buildActionMask = 2147483647;
			files = (
				EA02B3DA225EDEF8005F5A3A /* TOPageViewUITests.m in Sources */,
			);
			runOnlyForDeploymentPostprocessing = 0;
		};
/* End PBXSourcesBuildPhase section */

/* Begin PBXTargetDependency section */
		EA02B3CC225EDEF8005F5A3A /* PBXTargetDependency */ = {
			isa = PBXTargetDependency;
			target = EA02B3B1225EDEF6005F5A3A /* TOPageView */;
			targetProxy = EA02B3CB225EDEF8005F5A3A /* PBXContainerItemProxy */;
		};
		EA02B3D7225EDEF8005F5A3A /* PBXTargetDependency */ = {
			isa = PBXTargetDependency;
			target = EA02B3B1225EDEF6005F5A3A /* TOPageView */;
			targetProxy = EA02B3D6225EDEF8005F5A3A /* PBXContainerItemProxy */;
		};
/* End PBXTargetDependency section */

/* Begin PBXVariantGroup section */
		EA02B3BB225EDEF6005F5A3A /* Main.storyboard */ = {
			isa = PBXVariantGroup;
			children = (
				EA02B3BC225EDEF6005F5A3A /* Base */,
			);
			name = Main.storyboard;
			sourceTree = "<group>";
		};
		EA02B3C0225EDEF7005F5A3A /* LaunchScreen.storyboard */ = {
			isa = PBXVariantGroup;
			children = (
				EA02B3C1225EDEF7005F5A3A /* Base */,
			);
			name = LaunchScreen.storyboard;
			sourceTree = "<group>";
		};
/* End PBXVariantGroup section */

/* Begin XCBuildConfiguration section */
		EA02B3DC225EDEF8005F5A3A /* Debug */ = {
			isa = XCBuildConfiguration;
			buildSettings = {
				ALWAYS_SEARCH_USER_PATHS = NO;
				CLANG_ANALYZER_NONNULL = YES;
				CLANG_ANALYZER_NUMBER_OBJECT_CONVERSION = YES_AGGRESSIVE;
				CLANG_CXX_LANGUAGE_STANDARD = "gnu++14";
				CLANG_CXX_LIBRARY = "libc++";
				CLANG_ENABLE_MODULES = YES;
				CLANG_ENABLE_OBJC_ARC = YES;
				CLANG_ENABLE_OBJC_WEAK = YES;
				CLANG_WARN_BLOCK_CAPTURE_AUTORELEASING = YES;
				CLANG_WARN_BOOL_CONVERSION = YES;
				CLANG_WARN_COMMA = YES;
				CLANG_WARN_CONSTANT_CONVERSION = YES;
				CLANG_WARN_DEPRECATED_OBJC_IMPLEMENTATIONS = YES;
				CLANG_WARN_DIRECT_OBJC_ISA_USAGE = YES_ERROR;
				CLANG_WARN_DOCUMENTATION_COMMENTS = YES;
				CLANG_WARN_EMPTY_BODY = YES;
				CLANG_WARN_ENUM_CONVERSION = YES;
				CLANG_WARN_INFINITE_RECURSION = YES;
				CLANG_WARN_INT_CONVERSION = YES;
				CLANG_WARN_NON_LITERAL_NULL_CONVERSION = YES;
				CLANG_WARN_OBJC_IMPLICIT_RETAIN_SELF = YES;
				CLANG_WARN_OBJC_LITERAL_CONVERSION = YES;
				CLANG_WARN_OBJC_ROOT_CLASS = YES_ERROR;
				CLANG_WARN_RANGE_LOOP_ANALYSIS = YES;
				CLANG_WARN_STRICT_PROTOTYPES = YES;
				CLANG_WARN_SUSPICIOUS_MOVE = YES;
				CLANG_WARN_UNGUARDED_AVAILABILITY = YES_AGGRESSIVE;
				CLANG_WARN_UNREACHABLE_CODE = YES;
				CLANG_WARN__DUPLICATE_METHOD_MATCH = YES;
				CODE_SIGN_IDENTITY = "iPhone Developer";
				COPY_PHASE_STRIP = NO;
				DEBUG_INFORMATION_FORMAT = dwarf;
				ENABLE_STRICT_OBJC_MSGSEND = YES;
				ENABLE_TESTABILITY = YES;
				GCC_C_LANGUAGE_STANDARD = gnu11;
				GCC_DYNAMIC_NO_PIC = NO;
				GCC_NO_COMMON_BLOCKS = YES;
				GCC_OPTIMIZATION_LEVEL = 0;
				GCC_PREPROCESSOR_DEFINITIONS = (
					"DEBUG=1",
					"$(inherited)",
				);
				GCC_WARN_64_TO_32_BIT_CONVERSION = YES;
				GCC_WARN_ABOUT_RETURN_TYPE = YES_ERROR;
				GCC_WARN_UNDECLARED_SELECTOR = YES;
				GCC_WARN_UNINITIALIZED_AUTOS = YES_AGGRESSIVE;
				GCC_WARN_UNUSED_FUNCTION = YES;
				GCC_WARN_UNUSED_VARIABLE = YES;
				IPHONEOS_DEPLOYMENT_TARGET = 12.2;
				MTL_ENABLE_DEBUG_INFO = INCLUDE_SOURCE;
				MTL_FAST_MATH = YES;
				ONLY_ACTIVE_ARCH = YES;
				SDKROOT = iphoneos;
			};
			name = Debug;
		};
		EA02B3DD225EDEF8005F5A3A /* Release */ = {
			isa = XCBuildConfiguration;
			buildSettings = {
				ALWAYS_SEARCH_USER_PATHS = NO;
				CLANG_ANALYZER_NONNULL = YES;
				CLANG_ANALYZER_NUMBER_OBJECT_CONVERSION = YES_AGGRESSIVE;
				CLANG_CXX_LANGUAGE_STANDARD = "gnu++14";
				CLANG_CXX_LIBRARY = "libc++";
				CLANG_ENABLE_MODULES = YES;
				CLANG_ENABLE_OBJC_ARC = YES;
				CLANG_ENABLE_OBJC_WEAK = YES;
				CLANG_WARN_BLOCK_CAPTURE_AUTORELEASING = YES;
				CLANG_WARN_BOOL_CONVERSION = YES;
				CLANG_WARN_COMMA = YES;
				CLANG_WARN_CONSTANT_CONVERSION = YES;
				CLANG_WARN_DEPRECATED_OBJC_IMPLEMENTATIONS = YES;
				CLANG_WARN_DIRECT_OBJC_ISA_USAGE = YES_ERROR;
				CLANG_WARN_DOCUMENTATION_COMMENTS = YES;
				CLANG_WARN_EMPTY_BODY = YES;
				CLANG_WARN_ENUM_CONVERSION = YES;
				CLANG_WARN_INFINITE_RECURSION = YES;
				CLANG_WARN_INT_CONVERSION = YES;
				CLANG_WARN_NON_LITERAL_NULL_CONVERSION = YES;
				CLANG_WARN_OBJC_IMPLICIT_RETAIN_SELF = YES;
				CLANG_WARN_OBJC_LITERAL_CONVERSION = YES;
				CLANG_WARN_OBJC_ROOT_CLASS = YES_ERROR;
				CLANG_WARN_RANGE_LOOP_ANALYSIS = YES;
				CLANG_WARN_STRICT_PROTOTYPES = YES;
				CLANG_WARN_SUSPICIOUS_MOVE = YES;
				CLANG_WARN_UNGUARDED_AVAILABILITY = YES_AGGRESSIVE;
				CLANG_WARN_UNREACHABLE_CODE = YES;
				CLANG_WARN__DUPLICATE_METHOD_MATCH = YES;
				CODE_SIGN_IDENTITY = "iPhone Developer";
				COPY_PHASE_STRIP = NO;
				DEBUG_INFORMATION_FORMAT = "dwarf-with-dsym";
				ENABLE_NS_ASSERTIONS = NO;
				ENABLE_STRICT_OBJC_MSGSEND = YES;
				GCC_C_LANGUAGE_STANDARD = gnu11;
				GCC_NO_COMMON_BLOCKS = YES;
				GCC_WARN_64_TO_32_BIT_CONVERSION = YES;
				GCC_WARN_ABOUT_RETURN_TYPE = YES_ERROR;
				GCC_WARN_UNDECLARED_SELECTOR = YES;
				GCC_WARN_UNINITIALIZED_AUTOS = YES_AGGRESSIVE;
				GCC_WARN_UNUSED_FUNCTION = YES;
				GCC_WARN_UNUSED_VARIABLE = YES;
				IPHONEOS_DEPLOYMENT_TARGET = 12.2;
				MTL_ENABLE_DEBUG_INFO = NO;
				MTL_FAST_MATH = YES;
				SDKROOT = iphoneos;
				VALIDATE_PRODUCT = YES;
			};
			name = Release;
		};
		EA02B3DF225EDEF8005F5A3A /* Debug */ = {
			isa = XCBuildConfiguration;
			buildSettings = {
				ASSETCATALOG_COMPILER_APPICON_NAME = AppIcon;
				CODE_SIGN_STYLE = Automatic;
				DEVELOPMENT_TEAM = 8YWC8ZUV92;
				INFOPLIST_FILE = TOPageViewExample/Info.plist;
				IPHONEOS_DEPLOYMENT_TARGET = 10;
				LD_RUNPATH_SEARCH_PATHS = (
					"$(inherited)",
					"@executable_path/Frameworks",
				);
				PRODUCT_BUNDLE_IDENTIFIER = coco3g.tools.TOPageView;
				PRODUCT_NAME = "$(TARGET_NAME)";
				TARGETED_DEVICE_FAMILY = "1,2";
			};
			name = Debug;
		};
		EA02B3E0225EDEF8005F5A3A /* Release */ = {
			isa = XCBuildConfiguration;
			buildSettings = {
				ASSETCATALOG_COMPILER_APPICON_NAME = AppIcon;
				CODE_SIGN_STYLE = Automatic;
				DEVELOPMENT_TEAM = 8YWC8ZUV92;
				INFOPLIST_FILE = TOPageViewExample/Info.plist;
				IPHONEOS_DEPLOYMENT_TARGET = 10;
				LD_RUNPATH_SEARCH_PATHS = (
					"$(inherited)",
					"@executable_path/Frameworks",
				);
				PRODUCT_BUNDLE_IDENTIFIER = coco3g.tools.TOPageView;
				PRODUCT_NAME = "$(TARGET_NAME)";
				TARGETED_DEVICE_FAMILY = "1,2";
			};
			name = Release;
		};
		EA02B3E2225EDEF8005F5A3A /* Debug */ = {
			isa = XCBuildConfiguration;
			buildSettings = {
				BUNDLE_LOADER = "$(TEST_HOST)";
				CODE_SIGN_STYLE = Automatic;
				DEVELOPMENT_TEAM = 8YWC8ZUV92;
				INFOPLIST_FILE = TOPageViewTests/Info.plist;
				LD_RUNPATH_SEARCH_PATHS = (
					"$(inherited)",
					"@executable_path/Frameworks",
					"@loader_path/Frameworks",
				);
				PRODUCT_BUNDLE_IDENTIFIER = coco3g.tools.TOPageViewTests;
				PRODUCT_NAME = "$(TARGET_NAME)";
				TARGETED_DEVICE_FAMILY = "1,2";
				TEST_HOST = "$(BUILT_PRODUCTS_DIR)/TOPageView.app/TOPageView";
			};
			name = Debug;
		};
		EA02B3E3225EDEF8005F5A3A /* Release */ = {
			isa = XCBuildConfiguration;
			buildSettings = {
				BUNDLE_LOADER = "$(TEST_HOST)";
				CODE_SIGN_STYLE = Automatic;
				DEVELOPMENT_TEAM = 8YWC8ZUV92;
				INFOPLIST_FILE = TOPageViewTests/Info.plist;
				LD_RUNPATH_SEARCH_PATHS = (
					"$(inherited)",
					"@executable_path/Frameworks",
					"@loader_path/Frameworks",
				);
				PRODUCT_BUNDLE_IDENTIFIER = coco3g.tools.TOPageViewTests;
				PRODUCT_NAME = "$(TARGET_NAME)";
				TARGETED_DEVICE_FAMILY = "1,2";
				TEST_HOST = "$(BUILT_PRODUCTS_DIR)/TOPageView.app/TOPageView";
			};
			name = Release;
		};
		EA02B3E5225EDEF8005F5A3A /* Debug */ = {
			isa = XCBuildConfiguration;
			buildSettings = {
				CODE_SIGN_STYLE = Automatic;
				DEVELOPMENT_TEAM = 8YWC8ZUV92;
				INFOPLIST_FILE = TOPageViewUITests/Info.plist;
				LD_RUNPATH_SEARCH_PATHS = (
					"$(inherited)",
					"@executable_path/Frameworks",
					"@loader_path/Frameworks",
				);
				PRODUCT_BUNDLE_IDENTIFIER = coco3g.tools.TOPageViewUITests;
				PRODUCT_NAME = "$(TARGET_NAME)";
				TARGETED_DEVICE_FAMILY = "1,2";
				TEST_TARGET_NAME = TOPageView;
			};
			name = Debug;
		};
		EA02B3E6225EDEF8005F5A3A /* Release */ = {
			isa = XCBuildConfiguration;
			buildSettings = {
				CODE_SIGN_STYLE = Automatic;
				DEVELOPMENT_TEAM = 8YWC8ZUV92;
				INFOPLIST_FILE = TOPageViewUITests/Info.plist;
				LD_RUNPATH_SEARCH_PATHS = (
					"$(inherited)",
					"@executable_path/Frameworks",
					"@loader_path/Frameworks",
				);
				PRODUCT_BUNDLE_IDENTIFIER = coco3g.tools.TOPageViewUITests;
				PRODUCT_NAME = "$(TARGET_NAME)";
				TARGETED_DEVICE_FAMILY = "1,2";
				TEST_TARGET_NAME = TOPageView;
			};
			name = Release;
		};
/* End XCBuildConfiguration section */

/* Begin XCConfigurationList section */
		EA02B3AD225EDEF6005F5A3A /* Build configuration list for PBXProject "TOPageView" */ = {
			isa = XCConfigurationList;
			buildConfigurations = (
				EA02B3DC225EDEF8005F5A3A /* Debug */,
				EA02B3DD225EDEF8005F5A3A /* Release */,
			);
			defaultConfigurationIsVisible = 0;
			defaultConfigurationName = Release;
		};
		EA02B3DE225EDEF8005F5A3A /* Build configuration list for PBXNativeTarget "TOPageView" */ = {
			isa = XCConfigurationList;
			buildConfigurations = (
				EA02B3DF225EDEF8005F5A3A /* Debug */,
				EA02B3E0225EDEF8005F5A3A /* Release */,
			);
			defaultConfigurationIsVisible = 0;
			defaultConfigurationName = Release;
		};
		EA02B3E1225EDEF8005F5A3A /* Build configuration list for PBXNativeTarget "TOPageViewTests" */ = {
			isa = XCConfigurationList;
			buildConfigurations = (
				EA02B3E2225EDEF8005F5A3A /* Debug */,
				EA02B3E3225EDEF8005F5A3A /* Release */,
			);
			defaultConfigurationIsVisible = 0;
			defaultConfigurationName = Release;
		};
		EA02B3E4225EDEF8005F5A3A /* Build configuration list for PBXNativeTarget "TOPageViewUITests" */ = {
			isa = XCConfigurationList;
			buildConfigurations = (
				EA02B3E5225EDEF8005F5A3A /* Debug */,
				EA02B3E6225EDEF8005F5A3A /* Release */,
			);
			defaultConfigurationIsVisible = 0;
			defaultConfigurationName = Release;
		};
/* End XCConfigurationList section */
	};
	rootObject = EA02B3AA225EDEF6005F5A3A /* Project object */;
}
